
Microsoft Visual Studio Solution File, Format Version 12.00
# Visual Studio Version 17
VisualStudioVersion = 17.9.34723.18
MinimumVisualStudioVersion = 10.0.40219.1
Project("{8BC9CEB8-8B4A-11D0-8D11-00A0C91BC942}") = "builder_x64", "builder\builder_x64\builder_x64.vcxproj", "{FEF4F058-6BD3-4210-987B-AE40476241BA}"
EndProject
Global
	GlobalSection(SolutionConfigurationPlatforms) = preSolution
		Debug|x64 = Debug|x64
		Debug|x86 = Debug|x86
		Release|x64 = Release|x64
		Release|x86 = Release|x86
	EndGlobalSection
	GlobalSection(ProjectConfigurationPlatforms) = postSolution
		{FEF4F058-6BD3-4210-987B-AE40476241BA}.Debug|x64.ActiveCfg = Debug|x64
		{FEF4F058-6BD3-4210-987B-AE40476241BA}.Debug|x64.Build.0 = Debug|x64
		{FEF4F058-6BD3-4210-987B-AE40476241BA}.Debug|x86.ActiveCfg = Debug|Win32
		{FEF4F058-6BD3-4210-987B-AE40476241BA}.Debug|x86.Build.0 = Debug|Win32
		{FEF4F058-6BD3-4210-987B-AE40476241BA}.Release|x64.ActiveCfg = Release|x64
		{FEF4F058-6BD3-4210-987B-AE40476241BA}.Release|x64.Build.0 = Release|x64
		{FEF4F058-6BD3-4210-987B-AE40476241BA}.Release|x86.ActiveCfg = Release|Win32
		{FEF4F058-6BD3-4210-987B-AE40476241BA}.Release|x86.Build.0 = Release|Win32
	EndGlobalSection
	GlobalSection(SolutionProperties) = preSolution
		HideSolutionNode = FALSE
	EndGlobalSection
	GlobalSection(ExtensibilityGlobals) = postSolution
		SolutionGuid = {49B48DC1-551F-4D5B-AEDC-D1F555FB6F0D}
	EndGlobalSection
EndGlobal
